
Microsoft Visual Studio Solution File, Format Version 12.00
# Visual Studio 15
VisualStudioVersion = 15.0.27703.2035
MinimumVisualStudioVersion = 10.0.40219.1
Project("{F184B08F-C81C-45F6-A57F-5ABD9991F28F}") = "Hardware Management System", "Hardware Management System\Hardware Management System.vbproj", "{B7FA93FC-CE4C-4DDF-A470-CDF6CF3562BC}"
EndProject
Global
	GlobalSection(SolutionConfigurationPlatforms) = preSolution
		Debug|Any CPU = Debug|Any CPU
		Release|Any CPU = Release|Any CPU
	EndGlobalSection
	GlobalSection(ProjectConfigurationPlatforms) = postSolution
		{B7FA93FC-CE4C-4DDF-A470-CDF6CF3562BC}.Debug|Any CPU.ActiveCfg = Debug|Any CPU
		{B7FA93FC-CE4C-4DDF-A470-CDF6CF3562BC}.Debug|Any CPU.Build.0 = Debug|Any CPU
		{B7FA93FC-CE4C-4DDF-A470-CDF6CF3562BC}.Release|Any CPU.ActiveCfg = Release|Any CPU
		{B7FA93FC-CE4C-4DDF-A470-CDF6CF3562BC}.Release|Any CPU.Build.0 = Release|Any CPU
	EndGlobalSection
	GlobalSection(SolutionProperties) = preSolution
		HideSolutionNode = FALSE
	EndGlobalSection
	GlobalSection(ExtensibilityGlobals) = postSolution
		SolutionGuid = {7185C512-A124-431E-B94C-39EBF7C4A5CE}
	EndGlobalSection
EndGlobal
